<Solution>
  <Project Path="../../../../../../FPTicketsBE/FPTicket.BL/XPlayer.BL.csproj" />
  <Project Path="../../../../../../FPTicketsBE/FPTicket.Domain/XPlayer.Domain.csproj" />
  <Project Path="../../../../../../FPTicketsBE/FPTickets.Contracts/XPlayer.Contracts.csproj" />
  <Project Path="../../../../../../FPTicketsBE/FPTicketsAPI/XPlayer.API.csproj" />
</Solution>
